
Microsoft Visual Studio Solution File, Format Version 12.00
# Visual Studio Version 17
VisualStudioVersion = 17.5.33502.453
MinimumVisualStudioVersion = 10.0.40219.1
Project("{FAE04EC0-301F-11D3-BF4B-00C04F79EFBC}") = "Ex_02", "Ex_02\Ex_02.csproj", "{8A48D990-F122-4220-A5ED-8E56C35B3882}"
EndProject
Global
	GlobalSection(SolutionConfigurationPlatforms) = preSolution
		Debug|Any CPU = Debug|Any CPU
		Release|Any CPU = Release|Any CPU
	EndGlobalSection
	GlobalSection(ProjectConfigurationPlatforms) = postSolution
		{8A48D990-F122-4220-A5ED-8E56C35B3882}.Debug|Any CPU.ActiveCfg = Debug|Any CPU
		{8A48D990-F122-4220-A5ED-8E56C35B3882}.Debug|Any CPU.Build.0 = Debug|Any CPU
		{8A48D990-F122-4220-A5ED-8E56C35B3882}.Release|Any CPU.ActiveCfg = Release|Any CPU
		{8A48D990-F122-4220-A5ED-8E56C35B3882}.Release|Any CPU.Build.0 = Release|Any CPU
	EndGlobalSection
	GlobalSection(SolutionProperties) = preSolution
		HideSolutionNode = FALSE
	EndGlobalSection
	GlobalSection(ExtensibilityGlobals) = postSolution
		SolutionGuid = {A1D03B71-870F-4A06-B502-138096F546C0}
	EndGlobalSection
EndGlobal
